
Microsoft Visual Studio Solution File, Format Version 12.00
# Visual Studio Version 17
VisualStudioVersion = 17.0.31903.59
MinimumVisualStudioVersion = 10.0.40219.1
Project("{2150E333-8FDC-42A3-9474-1A3956D46DE8}") = "src", "src", "{827E0CD3-B72D-47B6-A68D-7590B98EB39B}"
EndProject
Project("{FAE04EC0-301F-11D3-BF4B-00C04F79EFBC}") = "LogLens.App", "src\LogLens.App\LogLens.App.csproj", "{7608C262-F7E9-4139-8232-7B6FF6D3A58D}"
EndProject
Project("{FAE04EC0-301F-11D3-BF4B-00C04F79EFBC}") = "LogLens.Core", "src\LogLens.Core\LogLens.Core.csproj", "{09F2D740-1E9C-4982-8E1C-DB4AFCE6060E}"
EndProject
Project("{2150E333-8FDC-42A3-9474-1A3956D46DE8}") = "tests", "tests", "{0AB3BF05-4346-4AA6-1389-037BE0695223}"
EndProject
Project("{FAE04EC0-301F-11D3-BF4B-00C04F79EFBC}") = "LogLens.Core.Tests", "tests\LogLens.Core.Tests\LogLens.Core.Tests.csproj", "{3A3AFE17-888E-4BD5-ADE9-6E01B55C235B}"
EndProject
Global
	GlobalSection(SolutionConfigurationPlatforms) = preSolution
		Debug|Any CPU = Debug|Any CPU
		Debug|x64 = Debug|x64
		Debug|x86 = Debug|x86
		Release|Any CPU = Release|Any CPU
		Release|x64 = Release|x64
		Release|x86 = Release|x86
	EndGlobalSection
	GlobalSection(ProjectConfigurationPlatforms) = postSolution
		{7608C262-F7E9-4139-8232-7B6FF6D3A58D}.Debug|Any CPU.ActiveCfg = Debug|Any CPU
		{7608C262-F7E9-4139-8232-7B6FF6D3A58D}.Debug|Any CPU.Build.0 = Debug|Any CPU
		{7608C262-F7E9-4139-8232-7B6FF6D3A58D}.Debug|x64.ActiveCfg = Debug|Any CPU
		{7608C262-F7E9-4139-8232-7B6FF6D3A58D}.Debug|x64.Build.0 = Debug|Any CPU
		{7608C262-F7E9-4139-8232-7B6FF6D3A58D}.Debug|x86.ActiveCfg = Debug|Any CPU
		{7608C262-F7E9-4139-8232-7B6FF6D3A58D}.Debug|x86.Build.0 = Debug|Any CPU
		{7608C262-F7E9-4139-8232-7B6FF6D3A58D}.Release|Any CPU.ActiveCfg = Release|Any CPU
		{7608C262-F7E9-4139-8232-7B6FF6D3A58D}.Release|Any CPU.Build.0 = Release|Any CPU
		{7608C262-F7E9-4139-8232-7B6FF6D3A58D}.Release|x64.ActiveCfg = Release|Any CPU
		{7608C262-F7E9-4139-8232-7B6FF6D3A58D}.Release|x64.Build.0 = Release|Any CPU
		{7608C262-F7E9-4139-8232-7B6FF6D3A58D}.Release|x86.ActiveCfg = Release|Any CPU
		{7608C262-F7E9-4139-8232-7B6FF6D3A58D}.Release|x86.Build.0 = Release|Any CPU
		{09F2D740-1E9C-4982-8E1C-DB4AFCE6060E}.Debug|Any CPU.ActiveCfg = Debug|Any CPU
		{09F2D740-1E9C-4982-8E1C-DB4AFCE6060E}.Debug|Any CPU.Build.0 = Debug|Any CPU
		{09F2D740-1E9C-4982-8E1C-DB4AFCE6060E}.Debug|x64.ActiveCfg = Debug|Any CPU
		{09F2D740-1E9C-4982-8E1C-DB4AFCE6060E}.Debug|x64.Build.0 = Debug|Any CPU
		{09F2D740-1E9C-4982-8E1C-DB4AFCE6060E}.Debug|x86.ActiveCfg = Debug|Any CPU
		{09F2D740-1E9C-4982-8E1C-DB4AFCE6060E}.Debug|x86.Build.0 = Debug|Any CPU
		{09F2D740-1E9C-4982-8E1C-DB4AFCE6060E}.Release|Any CPU.ActiveCfg = Release|Any CPU
		{09F2D740-1E9C-4982-8E1C-DB4AFCE6060E}.Release|Any CPU.Build.0 = Release|Any CPU
		{09F2D740-1E9C-4982-8E1C-DB4AFCE6060E}.Release|x64.ActiveCfg = Release|Any CPU
		{09F2D740-1E9C-4982-8E1C-DB4AFCE6060E}.Release|x64.Build.0 = Release|Any CPU
		{09F2D740-1E9C-4982-8E1C-DB4AFCE6060E}.Release|x86.ActiveCfg = Release|Any CPU
		{09F2D740-1E9C-4982-8E1C-DB4AFCE6060E}.Release|x86.Build.0 = Release|Any CPU
		{3A3AFE17-888E-4BD5-ADE9-6E01B55C235B}.Debug|Any CPU.ActiveCfg = Debug|Any CPU
		{3A3AFE17-888E-4BD5-ADE9-6E01B55C235B}.Debug|Any CPU.Build.0 = Debug|Any CPU
		{3A3AFE17-888E-4BD5-ADE9-6E01B55C235B}.Debug|x64.ActiveCfg = Debug|Any CPU
		{3A3AFE17-888E-4BD5-ADE9-6E01B55C235B}.Debug|x64.Build.0 = Debug|Any CPU
		{3A3AFE17-888E-4BD5-ADE9-6E01B55C235B}.Debug|x86.ActiveCfg = Debug|Any CPU
		{3A3AFE17-888E-4BD5-ADE9-6E01B55C235B}.Debug|x86.Build.0 = Debug|Any CPU
		{3A3AFE17-888E-4BD5-ADE9-6E01B55C235B}.Release|Any CPU.ActiveCfg = Release|Any CPU
		{3A3AFE17-888E-4BD5-ADE9-6E01B55C235B}.Release|Any CPU.Build.0 = Release|Any CPU
		{3A3AFE17-888E-4BD5-ADE9-6E01B55C235B}.Release|x64.ActiveCfg = Release|Any CPU
		{3A3AFE17-888E-4BD5-ADE9-6E01B55C235B}.Release|x64.Build.0 = Release|Any CPU
		{3A3AFE17-888E-4BD5-ADE9-6E01B55C235B}.Release|x86.ActiveCfg = Release|Any CPU
		{3A3AFE17-888E-4BD5-ADE9-6E01B55C235B}.Release|x86.Build.0 = Release|Any CPU
	EndGlobalSection
	GlobalSection(SolutionProperties) = preSolution
		HideSolutionNode = FALSE
	EndGlobalSection
	GlobalSection(NestedProjects) = preSolution
		{7608C262-F7E9-4139-8232-7B6FF6D3A58D} = {827E0CD3-B72D-47B6-A68D-7590B98EB39B}
		{09F2D740-1E9C-4982-8E1C-DB4AFCE6060E} = {827E0CD3-B72D-47B6-A68D-7590B98EB39B}
		{3A3AFE17-888E-4BD5-ADE9-6E01B55C235B} = {0AB3BF05-4346-4AA6-1389-037BE0695223}
	EndGlobalSection
EndGlobal
